
Microsoft Visual Studio Solution File, Format Version 12.00
# Visual Studio Version 16
VisualStudioVersion = 16.0.29926.136
MinimumVisualStudioVersion = 10.0.40219.1
Project("{FAE04EC0-301F-11D3-BF4B-00C04F79EFBC}") = "Lesson-7 CC Classes", "Lesson-7 CC Classes\Lesson-7 CC Classes.csproj", "{51D16F78-8248-457D-8967-5239F6091E9D}"
EndProject
Global
	GlobalSection(SolutionConfigurationPlatforms) = preSolution
		Debug|Any CPU = Debug|Any CPU
		Release|Any CPU = Release|Any CPU
	EndGlobalSection
	GlobalSection(ProjectConfigurationPlatforms) = postSolution
		{51D16F78-8248-457D-8967-5239F6091E9D}.Debug|Any CPU.ActiveCfg = Debug|Any CPU
		{51D16F78-8248-457D-8967-5239F6091E9D}.Debug|Any CPU.Build.0 = Debug|Any CPU
		{51D16F78-8248-457D-8967-5239F6091E9D}.Release|Any CPU.ActiveCfg = Release|Any CPU
		{51D16F78-8248-457D-8967-5239F6091E9D}.Release|Any CPU.Build.0 = Release|Any CPU
	EndGlobalSection
	GlobalSection(SolutionProperties) = preSolution
		HideSolutionNode = FALSE
	EndGlobalSection
	GlobalSection(ExtensibilityGlobals) = postSolution
		SolutionGuid = {F9853372-4EA3-4345-B46B-CD907E6B8635}
	EndGlobalSection
EndGlobal
